
Microsoft Visual Studio Solution File, Format Version 12.00
# Visual Studio Version 17
VisualStudioVersion = 17.10.35013.160
MinimumVisualStudioVersion = 10.0.40219.1
Project("{FAE04EC0-301F-11D3-BF4B-00C04F79EFBC}") = "CSharpEgitimKampi301.EntityLayer", "CSharpEgitimKampi301.EntityLayer\CSharpEgitimKampi301.EntityLayer.csproj", "{3DF13485-BEC5-4393-A3DA-481DFE9659AF}"
EndProject
Project("{FAE04EC0-301F-11D3-BF4B-00C04F79EFBC}") = "CSharpEgitimKampi301.DataAccessLayer", "CSharpEgitimKampi301.DataAccessLAyer\CSharpEgitimKampi301.DataAccessLayer.csproj", "{CF00BE2E-3D41-4EBA-BC4E-CC4A9F10F5F3}"
EndProject
Project("{FAE04EC0-301F-11D3-BF4B-00C04F79EFBC}") = "CSharpEgitimKampi301.BusinessLayer", "CSharpEgitimKampi301.BusinessLayer\CSharpEgitimKampi301.BusinessLayer.csproj", "{008A70C5-8EFC-4EB8-BE6C-709F3F1DFABE}"
EndProject
Project("{FAE04EC0-301F-11D3-BF4B-00C04F79EFBC}") = "CSharpEgitimKampi301.PresentationLayer", "CSharpEgitimKampi301.PresentationLayer\CSharpEgitimKampi301.PresentationLayer.csproj", "{8DB591DB-D8B7-4E61-979D-746E4C8E2B5E}"
EndProject
Project("{FAE04EC0-301F-11D3-BF4B-00C04F79EFBC}") = "CSharpEgitimKampi301.EFProject", "CSharpEgitimKampi301.EFProject\CSharpEgitimKampi301.EFProject.csproj", "{4E338A25-CB49-4082-9DC7-9D1126B566F5}"
EndProject
Global
	GlobalSection(SolutionConfigurationPlatforms) = preSolution
		Debug|Any CPU = Debug|Any CPU
		Release|Any CPU = Release|Any CPU
	EndGlobalSection
	GlobalSection(ProjectConfigurationPlatforms) = postSolution
		{3DF13485-BEC5-4393-A3DA-481DFE9659AF}.Debug|Any CPU.ActiveCfg = Debug|Any CPU
		{3DF13485-BEC5-4393-A3DA-481DFE9659AF}.Debug|Any CPU.Build.0 = Debug|Any CPU
		{3DF13485-BEC5-4393-A3DA-481DFE9659AF}.Release|Any CPU.ActiveCfg = Release|Any CPU
		{3DF13485-BEC5-4393-A3DA-481DFE9659AF}.Release|Any CPU.Build.0 = Release|Any CPU
		{CF00BE2E-3D41-4EBA-BC4E-CC4A9F10F5F3}.Debug|Any CPU.ActiveCfg = Debug|Any CPU
		{CF00BE2E-3D41-4EBA-BC4E-CC4A9F10F5F3}.Debug|Any CPU.Build.0 = Debug|Any CPU
		{CF00BE2E-3D41-4EBA-BC4E-CC4A9F10F5F3}.Release|Any CPU.ActiveCfg = Release|Any CPU
		{CF00BE2E-3D41-4EBA-BC4E-CC4A9F10F5F3}.Release|Any CPU.Build.0 = Release|Any CPU
		{008A70C5-8EFC-4EB8-BE6C-709F3F1DFABE}.Debug|Any CPU.ActiveCfg = Debug|Any CPU
		{008A70C5-8EFC-4EB8-BE6C-709F3F1DFABE}.Debug|Any CPU.Build.0 = Debug|Any CPU
		{008A70C5-8EFC-4EB8-BE6C-709F3F1DFABE}.Release|Any CPU.ActiveCfg = Release|Any CPU
		{008A70C5-8EFC-4EB8-BE6C-709F3F1DFABE}.Release|Any CPU.Build.0 = Release|Any CPU
		{8DB591DB-D8B7-4E61-979D-746E4C8E2B5E}.Debug|Any CPU.ActiveCfg = Debug|Any CPU
		{8DB591DB-D8B7-4E61-979D-746E4C8E2B5E}.Debug|Any CPU.Build.0 = Debug|Any CPU
		{8DB591DB-D8B7-4E61-979D-746E4C8E2B5E}.Release|Any CPU.ActiveCfg = Release|Any CPU
		{8DB591DB-D8B7-4E61-979D-746E4C8E2B5E}.Release|Any CPU.Build.0 = Release|Any CPU
		{4E338A25-CB49-4082-9DC7-9D1126B566F5}.Debug|Any CPU.ActiveCfg = Debug|Any CPU
		{4E338A25-CB49-4082-9DC7-9D1126B566F5}.Debug|Any CPU.Build.0 = Debug|Any CPU
		{4E338A25-CB49-4082-9DC7-9D1126B566F5}.Release|Any CPU.ActiveCfg = Release|Any CPU
		{4E338A25-CB49-4082-9DC7-9D1126B566F5}.Release|Any CPU.Build.0 = Release|Any CPU
	EndGlobalSection
	GlobalSection(SolutionProperties) = preSolution
		HideSolutionNode = FALSE
	EndGlobalSection
	GlobalSection(ExtensibilityGlobals) = postSolution
		SolutionGuid = {D3B5243E-1EA3-4049-82DE-81921D5C16AB}
	EndGlobalSection
EndGlobal
